lockfileVersion: '9.0'

settings:
  autoInstallPeers: true
  excludeLinksFromLockfile: false

importers:

  .:
    dependencies:
      '@libsql/client':
        specifier: ^0.17.2
        version: 0.17.2
      better-auth:
        specifier: ^1.5.6
        version: 1.5.6(@opentelemetry/api@1.9.0)(next@15.5.14(@opentelemetry/api@1.9.0)(react-dom@19.2.4(react@19.2.4))(react@19.2.4))(react-dom@19.2.4(react@19.2.4))(react@19.2.4)
      kysely:
        specifier: ^0.28.14
        version: 0.28.14
      next:
        specifier: ^15
        version: 15.5.14(@opentelemetry/api@1.9.0)(react-dom@19.2.4(react@19.2.4))(react@19.2.4)
      react:
        specifier: ^19
        version: 19.2.4
      react-dom:
        specifier: ^19
        version: 19.2.4(react@19.2.4)
    devDependencies:
      '@biomejs/biome':
        specifier: ^1
        version: 1.9.4
      '@types/node':
        specifier: ^22
        version: 22.19.15
      '@types/react':
        specifier: ^19
        version: 19.2.14
      '@types/react-dom':
        specifier: ^19
        version: 19.2.3(@types/react@19.2.14)
      typescript:
        specifier: ^5
        version: 5.9.3

packages:

  '@better-auth/core@1.5.6':
    resolution: {integrity: sha512-Ez9DZdIMFyxHremmoLz1emFPGNQomDC1jqqBPnZ6Ci+6TiGN3R9w/Y03cJn6I8r1ycKgOzeVMZtJ/erOZ27Gsw==}
    peerDependencies:
      '@better-auth/utils': 0.3.1
      '@better-fetch/fetch': 1.1.21
      '@cloudflare/workers-types': '>=4'
      '@opentelemetry/api': ^1.9.0
      better-call: 1.3.2
      jose: ^6.1.0
      kysely: ^0.28.5
      nanostores: ^1.0.1
    peerDependenciesMeta:
      '@cloudflare/workers-types':
        optional: true

  '@better-auth/drizzle-adapter@1.5.6':
    resolution: {integrity: sha512-VfFFmaoFw3ug12SiSuIwzrMoHyIVmkMGWm9gZ4sXdYYVX4HboCL4m3fjzOhppcmK5OGatRuU+N1UX6wxCITcXw==}
    peerDependencies:
      '@better-auth/core': 1.5.6
      '@better-auth/utils': ^0.3.0
      drizzle-orm: '>=0.41.0'
    peerDependenciesMeta:
      drizzle-orm:
        optional: true

  '@better-auth/kysely-adapter@1.5.6':
    resolution: {integrity: sha512-Fnf+h8WVKtw6lEOmVmiVVzDf3shJtM60AYf9XTnbdCeUd6MxN/KnaJZpkgtYnRs7a+nwtkVB+fg4lGETebGFXQ==}
    peerDependencies:
      '@better-auth/core': 1.5.6
      '@better-auth/utils': ^0.3.0
      kysely: ^0.27.0 || ^0.28.0
    peerDependenciesMeta:
      kysely:
        optional: true

  '@better-auth/memory-adapter@1.5.6':
    resolution: {integrity: sha512-rS7ZsrIl5uvloUgNN0u9LOZJMMXnsZXVdUZ3MrTBKWM2KpoJjzPr9yN3Szyma5+0V7SltnzSGHPkYj2bEzzmlA==}
    peerDependencies:
      '@better-auth/core': 1.5.6
      '@better-auth/utils': ^0.3.0

  '@better-auth/mongo-adapter@1.5.6':
    resolution: {integrity: sha512-6+M3MS2mor8fTUV3EI1FBLP0cs6QfbN+Ovx9+XxR/GdfKIBoNFzmPEPRbdGt+ft6PvrITsUm+T70+kkHgVSP6w==}
    peerDependencies:
      '@better-auth/core': 1.5.6
      '@better-auth/utils': ^0.3.0
      mongodb: ^6.0.0 || ^7.0.0
    peerDependenciesMeta:
      mongodb:
        optional: true

  '@better-auth/prisma-adapter@1.5.6':
    resolution: {integrity: sha512-UxY9vQJs1Tt+O+T2YQnseDMlWmUSQvFZSBb5YiFRg7zcm+TEzujh4iX2/csA0YiZptLheovIuVWTP9nriewEBA==}
    peerDependencies:
      '@better-auth/core': 1.5.6
      '@better-auth/utils': ^0.3.0
      '@prisma/client': ^5.0.0 || ^6.0.0 || ^7.0.0
      prisma: ^5.0.0 || ^6.0.0 || ^7.0.0
    peerDependenciesMeta:
      '@prisma/client':
        optional: true
      prisma:
        optional: true

  '@better-auth/telemetry@1.5.6':
    resolution: {integrity: sha512-yXC7NSxnIFlxDkGdpD7KA+J9nqIQAPCJKe77GoaC5bWoe/DALo1MYorZfTgOafS7wrslNtsPT4feV/LJi1ubqQ==}
    peerDependencies:
      '@better-auth/core': 1.5.6

  '@better-auth/utils@0.3.1':
    resolution: {integrity: sha512-+CGp4UmZSUrHHnpHhLPYu6cV+wSUSvVbZbNykxhUDocpVNTo9uFFxw/NqJlh1iC4wQ9HKKWGCKuZ5wUgS0v6Kg==}

  '@better-fetch/fetch@1.1.21':
    resolution: {integrity: sha512-/ImESw0sskqlVR94jB+5+Pxjf+xBwDZF/N5+y2/q4EqD7IARUTSpPfIo8uf39SYpCxyOCtbyYpUrZ3F/k0zT4A==}

  '@biomejs/biome@1.9.4':
    resolution: {integrity: sha512-1rkd7G70+o9KkTn5KLmDYXihGoTaIGO9PIIN2ZB7UJxFrWw04CZHPYiMRjYsaDvVV7hP1dYNRLxSANLaBFGpog==}
    engines: {node: '>=14.21.3'}
    hasBin: true

  '@biomejs/cli-darwin-arm64@1.9.4':
    resolution: {integrity: sha512-bFBsPWrNvkdKrNCYeAp+xo2HecOGPAy9WyNyB/jKnnedgzl4W4Hb9ZMzYNbf8dMCGmUdSavlYHiR01QaYR58cw==}
    engines: {node: '>=14.21.3'}
    cpu: [arm64]
    os: [darwin]

  '@biomejs/cli-darwin-x64@1.9.4':
    resolution: {integrity: sha512-ngYBh/+bEedqkSevPVhLP4QfVPCpb+4BBe2p7Xs32dBgs7rh9nY2AIYUL6BgLw1JVXV8GlpKmb/hNiuIxfPfZg==}
    engines: {node: '>=14.21.3'}
    cpu: [x64]
    os: [darwin]

  '@biomejs/cli-linux-arm64-musl@1.9.4':
    resolution: {integrity: sha512-v665Ct9WCRjGa8+kTr0CzApU0+XXtRgwmzIf1SeKSGAv+2scAlW6JR5PMFo6FzqqZ64Po79cKODKf3/AAmECqA==}
    engines: {node: '>=14.21.3'}
    cpu: [arm64]
    os: [linux]

  '@biomejs/cli-linux-arm64@1.9.4':
    resolution: {integrity: sha512-fJIW0+LYujdjUgJJuwesP4EjIBl/N/TcOX3IvIHJQNsAqvV2CHIogsmA94BPG6jZATS4Hi+xv4SkBBQSt1N4/g==}
    engines: {node: '>=14.21.3'}
    cpu: [arm64]
    os: [linux]

  '@biomejs/cli-linux-x64-musl@1.9.4':
    resolution: {integrity: sha512-gEhi/jSBhZ2m6wjV530Yy8+fNqG8PAinM3oV7CyO+6c3CEh16Eizm21uHVsyVBEB6RIM8JHIl6AGYCv6Q6Q9Tg==}
    engines: {node: '>=14.21.3'}
    cpu: [x64]
    os: [linux]

  '@biomejs/cli-linux-x64@1.9.4':
    resolution: {integrity: sha512-lRCJv/Vi3Vlwmbd6K+oQ0KhLHMAysN8lXoCI7XeHlxaajk06u7G+UsFSO01NAs5iYuWKmVZjmiOzJ0OJmGsMwg==}
    engines: {node: '>=14.21.3'}
    cpu: [x64]
    os: [linux]

  '@biomejs/cli-win32-arm64@1.9.4':
    resolution: {integrity: sha512-tlbhLk+WXZmgwoIKwHIHEBZUwxml7bRJgk0X2sPyNR3S93cdRq6XulAZRQJ17FYGGzWne0fgrXBKpl7l4M87Hg==}
    engines: {node: '>=14.21.3'}
    cpu: [arm64]
    os: [win32]

  '@biomejs/cli-win32-x64@1.9.4':
    resolution: {integrity: sha512-8Y5wMhVIPaWe6jw2H+KlEm4wP/f7EW3810ZLmDlrEEy5KvBsb9ECEfu/kMWD484ijfQ8+nIi0giMgu9g1UAuuA==}
    engines: {node: '>=14.21.3'}
    cpu: [x64]
    os: [win32]

  '@emnapi/runtime@1.9.1':
    resolution: {integrity: sha512-VYi5+ZVLhpgK4hQ0TAjiQiZ6ol0oe4mBx7mVv7IflsiEp0OWoVsp/+f9Vc1hOhE0TtkORVrI1GvzyreqpgWtkA==}

  '@img/colour@1.1.0':
    resolution: {integrity: sha512-Td76q7j57o/tLVdgS746cYARfSyxk8iEfRxewL9h4OMzYhbW4TAcppl0mT4eyqXddh6L/jwoM75mo7ixa/pCeQ==}
    engines: {node: '>=18'}

  '@img/sharp-darwin-arm64@0.34.5':
    resolution: {integrity: sha512-imtQ3WMJXbMY4fxb/Ndp6HBTNVtWCUI0WdobyheGf5+ad6xX8VIDO8u2xE4qc/fr08CKG/7dDseFtn6M6g/r3w==}
    engines: {node: ^18.17.0 || ^20.3.0 || >=21.0.0}
    cpu: [arm64]
    os: [darwin]

  '@img/sharp-darwin-x64@0.34.5':
    resolution: {integrity: sha512-YNEFAF/4KQ/PeW0N+r+aVVsoIY0/qxxikF2SWdp+NRkmMB7y9LBZAVqQ4yhGCm/H3H270OSykqmQMKLBhBJDEw==}
    engines: {node: ^18.17.0 || ^20.3.0 || >=21.0.0}
    cpu: [x64]
    os: [darwin]

  '@img/sharp-libvips-darwin-arm64@1.2.4':
    resolution: {integrity: sha512-zqjjo7RatFfFoP0MkQ51jfuFZBnVE2pRiaydKJ1G/rHZvnsrHAOcQALIi9sA5co5xenQdTugCvtb1cuf78Vf4g==}
    cpu: [arm64]
    os: [darwin]

  '@img/sharp-libvips-darwin-x64@1.2.4':
    resolution: {integrity: sha512-1IOd5xfVhlGwX+zXv2N93k0yMONvUlANylbJw1eTah8K/Jtpi15KC+WSiaX/nBmbm2HxRM1gZ0nSdjSsrZbGKg==}
    cpu: [x64]
    os: [darwin]

  '@img/sharp-libvips-linux-arm64@1.2.4':
    resolution: {integrity: sha512-excjX8DfsIcJ10x1Kzr4RcWe1edC9PquDRRPx3YVCvQv+U5p7Yin2s32ftzikXojb1PIFc/9Mt28/y+iRklkrw==}
    cpu: [arm64]
    os: [linux]

  '@img/sharp-libvips-linux-arm@1.2.4':
    resolution: {integrity: sha512-bFI7xcKFELdiNCVov8e44Ia4u2byA+l3XtsAj+Q8tfCwO6BQ8iDojYdvoPMqsKDkuoOo+X6HZA0s0q11ANMQ8A==}
    cpu: [arm]
    os: [linux]

  '@img/sharp-libvips-linux-ppc64@1.2.4':
    resolution: {integrity: sha512-FMuvGijLDYG6lW+b/UvyilUWu5Ayu+3r2d1S8notiGCIyYU/76eig1UfMmkZ7vwgOrzKzlQbFSuQfgm7GYUPpA==}
    cpu: [ppc64]
    os: [linux]

  '@img/sharp-libvips-linux-riscv64@1.2.4':
    resolution: {integrity: sha512-oVDbcR4zUC0ce82teubSm+x6ETixtKZBh/qbREIOcI3cULzDyb18Sr/Wcyx7NRQeQzOiHTNbZFF1UwPS2scyGA==}
    cpu: [riscv64]
    os: [linux]

  '@img/sharp-libvips-linux-s390x@1.2.4':
    resolution: {integrity: sha512-qmp9VrzgPgMoGZyPvrQHqk02uyjA0/QrTO26Tqk6l4ZV0MPWIW6LTkqOIov+J1yEu7MbFQaDpwdwJKhbJvuRxQ==}
    cpu: [s390x]
    os: [linux]

  '@img/sharp-libvips-linux-x64@1.2.4':
    resolution: {integrity: sha512-tJxiiLsmHc9Ax1bz3oaOYBURTXGIRDODBqhveVHonrHJ9/+k89qbLl0bcJns+e4t4rvaNBxaEZsFtSfAdquPrw==}
    cpu: [x64]
    os: [linux]

  '@img/sharp-libvips-linuxmusl-arm64@1.2.4':
    resolution: {integrity: sha512-FVQHuwx1IIuNow9QAbYUzJ+En8KcVm9Lk5+uGUQJHaZmMECZmOlix9HnH7n1TRkXMS0pGxIJokIVB9SuqZGGXw==}
    cpu: [arm64]
    os: [linux]

  '@img/sharp-libvips-linuxmusl-x64@1.2.4':
    resolution: {integrity: sha512-+LpyBk7L44ZIXwz/VYfglaX/okxezESc6UxDSoyo2Ks6Jxc4Y7sGjpgU9s4PMgqgjj1gZCylTieNamqA1MF7Dg==}
    cpu: [x64]
    os: [linux]

  '@img/sharp-linux-arm64@0.34.5':
    resolution: {integrity: sha512-bKQzaJRY/bkPOXyKx5EVup7qkaojECG6NLYswgktOZjaXecSAeCWiZwwiFf3/Y+O1HrauiE3FVsGxFg8c24rZg==}
    engines: {node: ^18.17.0 || ^20.3.0 || >=21.0.0}
    cpu: [arm64]
    os: [linux]

  '@img/sharp-linux-arm@0.34.5':
    resolution: {integrity: sha512-9dLqsvwtg1uuXBGZKsxem9595+ujv0sJ6Vi8wcTANSFpwV/GONat5eCkzQo/1O6zRIkh0m/8+5BjrRr7jDUSZw==}
    engines: {node: ^18.17.0 || ^20.3.0 || >=21.0.0}
    cpu: [arm]
    os: [linux]

  '@img/sharp-linux-ppc64@0.34.5':
    resolution: {integrity: sha512-7zznwNaqW6YtsfrGGDA6BRkISKAAE1Jo0QdpNYXNMHu2+0dTrPflTLNkpc8l7MUP5M16ZJcUvysVWWrMefZquA==}
    engines: {node: ^18.17.0 || ^20.3.0 || >=21.0.0}
    cpu: [ppc64]
    os: [linux]

  '@img/sharp-linux-riscv64@0.34.5':
    resolution: {integrity: sha512-51gJuLPTKa7piYPaVs8GmByo7/U7/7TZOq+cnXJIHZKavIRHAP77e3N2HEl3dgiqdD/w0yUfiJnII77PuDDFdw==}
    engines: {node: ^18.17.0 || ^20.3.0 || >=21.0.0}
    cpu: [riscv64]
    os: [linux]

  '@img/sharp-linux-s390x@0.34.5':
    resolution: {integrity: sha512-nQtCk0PdKfho3eC5MrbQoigJ2gd1CgddUMkabUj+rBevs8tZ2cULOx46E7oyX+04WGfABgIwmMC0VqieTiR4jg==}
    engines: {node: ^18.17.0 || ^20.3.0 || >=21.0.0}
    cpu: [s390x]
    os: [linux]

  '@img/sharp-linux-x64@0.34.5':
    resolution: {integrity: sha512-MEzd8HPKxVxVenwAa+JRPwEC7QFjoPWuS5NZnBt6B3pu7EG2Ge0id1oLHZpPJdn3OQK+BQDiw9zStiHBTJQQQQ==}
    engines: {node: ^18.17.0 || ^20.3.0 || >=21.0.0}
    cpu: [x64]
    os: [linux]

  '@img/sharp-linuxmusl-arm64@0.34.5':
    resolution: {integrity: sha512-fprJR6GtRsMt6Kyfq44IsChVZeGN97gTD331weR1ex1c1rypDEABN6Tm2xa1wE6lYb5DdEnk03NZPqA7Id21yg==}
    engines: {node: ^18.17.0 || ^20.3.0 || >=21.0.0}
    cpu: [arm64]
    os: [linux]

  '@img/sharp-linuxmusl-x64@0.34.5':
    resolution: {integrity: sha512-Jg8wNT1MUzIvhBFxViqrEhWDGzqymo3sV7z7ZsaWbZNDLXRJZoRGrjulp60YYtV4wfY8VIKcWidjojlLcWrd8Q==}
    engines: {node: ^18.17.0 || ^20.3.0 || >=21.0.0}
    cpu: [x64]
    os: [linux]

  '@img/sharp-wasm32@0.34.5':
    resolution: {integrity: sha512-OdWTEiVkY2PHwqkbBI8frFxQQFekHaSSkUIJkwzclWZe64O1X4UlUjqqqLaPbUpMOQk6FBu/HtlGXNblIs0huw==}
    engines: {node: ^18.17.0 || ^20.3.0 || >=21.0.0}
    cpu: [wasm32]

  '@img/sharp-win32-arm64@0.34.5':
    resolution: {integrity: sha512-WQ3AgWCWYSb2yt+IG8mnC6Jdk9Whs7O0gxphblsLvdhSpSTtmu69ZG1Gkb6NuvxsNACwiPV6cNSZNzt0KPsw7g==}
    engines: {node: ^18.17.0 || ^20.3.0 || >=21.0.0}
    cpu: [arm64]
    os: [win32]

  '@img/sharp-win32-ia32@0.34.5':
    resolution: {integrity: sha512-FV9m/7NmeCmSHDD5j4+4pNI8Cp3aW+JvLoXcTUo0IqyjSfAZJ8dIUmijx1qaJsIiU+Hosw6xM5KijAWRJCSgNg==}
    engines: {node: ^18.17.0 || ^20.3.0 || >=21.0.0}
    cpu: [ia32]
    os: [win32]

  '@img/sharp-win32-x64@0.34.5':
    resolution: {integrity: sha512-+29YMsqY2/9eFEiW93eqWnuLcWcufowXewwSNIT6UwZdUUCrM3oFjMWH/Z6/TMmb4hlFenmfAVbpWeup2jryCw==}
    engines: {node: ^18.17.0 || ^20.3.0 || >=21.0.0}
    cpu: [x64]
    os: [win32]

  '@libsql/client@0.17.2':
    resolution: {integrity: sha512-0aw0S3iQMHvOxfRt5j1atoCCPMT3gjsB2PS8/uxSM1DcDn39xqz6RlgSMxtP8I3JsxIXAFuw7S41baLEw0Zi+Q==}

  '@libsql/core@0.17.2':
    resolution: {integrity: sha512-L8qv12HZ/jRBcETVR3rscP0uHNxh+K3EABSde6scCw7zfOdiLqO3MAkJaeE1WovPsjXzsN/JBoZED4+7EZVT3g==}

  '@libsql/darwin-arm64@0.5.28':
    resolution: {integrity: sha512-Lc/b8JXO2W2+H+5UXfw7PCHZCim1jlrB0CmLPsjfVmihMluBpdYafFImhjAHxHlWGfuZ32WzjVPUap5fGmkthw==}
    cpu: [arm64]
    os: [darwin]

  '@libsql/darwin-x64@0.5.28':
    resolution: {integrity: sha512-m1hGkQm8A+CjZmR9D5G3zi36na7GXGJomsMbHwOFiCUYPjqRReD5KZ2HZ/qEAV6U/66xPdDDCuqDB8MzNhiwxA==}
    cpu: [x64]
    os: [darwin]

  '@libsql/hrana-client@0.9.0':
    resolution: {integrity: sha512-pxQ1986AuWfPX4oXzBvLwBnfgKDE5OMhAdR/5cZmRaB4Ygz5MecQybvwZupnRz341r2CtFmbk/BhSu7k2Lm+Jw==}

  '@libsql/isomorphic-ws@0.1.5':
    resolution: {integrity: sha512-DtLWIH29onUYR00i0GlQ3UdcTRC6EP4u9w/h9LxpUZJWRMARk6dQwZ6Jkd+QdwVpuAOrdxt18v0K2uIYR3fwFg==}

  '@libsql/linux-arm-gnueabihf@0.5.28':
    resolution: {integrity: sha512-D22yQotJkLcYxrwYP9ukoqbpA5hK7pHmho9jagCM/ij7UwjWJPAY2d2SmEndpJs/SueaGy1xuiUQFec4R7VebQ==}
    cpu: [arm]
    os: [linux]

  '@libsql/linux-arm-musleabihf@0.5.28':
    resolution: {integrity: sha512-Z/aSb2WzZm7TYn/FEqefoN2sJoDhMtCjV8aHw55ibck6mdLLPGMYXxTyWn5U/OZbqD+wiM7eUgdsG20uEzxEoQ==}
    cpu: [arm]
    os: [linux]

  '@libsql/linux-arm64-gnu@0.5.28':
    resolution: {integrity: sha512-gQGJgmUBdk3qm8rDwvFujzTWipLE4ZNP9fgcdVabVBFmD38wLOU5aZ4F3BHrL1ZWdvsrC8mrtnCTKEGuYHDZIw==}
    cpu: [arm64]
    os: [linux]

  '@libsql/linux-arm64-musl@0.5.28':
    resolution: {integrity: sha512-zLlgKyG96DKJ4skFtubHbWuWRUW8YpcjHVyKyJJDIp2USPQKLXfB+rT06OSQIS90Bm3dbfU+9rAlNX0ua0cSvw==}
    cpu: [arm64]
    os: [linux]

  '@libsql/linux-x64-gnu@0.5.28':
    resolution: {integrity: sha512-ra+fk6FmTl8ma4opxcTJ8JIt3KrSr+TrFCJtgccfg+7HDdGiE5Ys6jIJMqYuYG61Mv40z3lPZxRivBK5sP9o/w==}
    cpu: [x64]
    os: [linux]

  '@libsql/linux-x64-musl@0.5.28':
    resolution: {integrity: sha512-XXl7lHsZEY8szhfMWoe0tFzKXv52nlDt0kckMmtYb97AkKB0bIcxbgx5zTHGyoXLMMhLvEo33OR7NHvjdDyvjw==}
    cpu: [x64]
    os: [linux]

  '@libsql/win32-x64-msvc@0.5.28':
    resolution: {integrity: sha512-KLB4TQKkRdki9Ugbz+X986a1F7IaZUZbPuTfPNFi7slTT+biSw0b/LPJ0tCk7EHyo5QmN8tZ1XLZwI7GgUBsfA==}
    cpu: [x64]
    os: [win32]

  '@neon-rs/load@0.0.4':
    resolution: {integrity: sha512-kTPhdZyTQxB+2wpiRcFWrDcejc4JI6tkPuS7UZCG4l6Zvc5kU/gGQ/ozvHTh1XR5tS+UlfAfGuPajjzQjCiHCw==}

  '@next/env@15.5.14':
    resolution: {integrity: sha512-aXeirLYuASxEgi4X4WhfXsShCFxWDfNn/8ZeC5YXAS2BB4A8FJi1kwwGL6nvMVboE7fZCzmJPNdMvVHc8JpaiA==}

  '@next/swc-darwin-arm64@15.5.14':
    resolution: {integrity: sha512-Y9K6SPzobnZvrRDPO2s0grgzC+Egf0CqfbdvYmQVaztV890zicw8Z8+4Vqw8oPck8r1TjUHxVh8299Cg4TrxXg==}
    engines: {node: '>= 10'}
    cpu: [arm64]
    os: [darwin]

  '@next/swc-darwin-x64@15.5.14':
    resolution: {integrity: sha512-aNnkSMjSFRTOmkd7qoNI2/rETQm/vKD6c/Ac9BZGa9CtoOzy3c2njgz7LvebQJ8iPxdeTuGnAjagyis8a9ifBw==}
    engines: {node: '>= 10'}
    cpu: [x64]
    os: [darwin]

  '@next/swc-linux-arm64-gnu@15.5.14':
    resolution: {integrity: sha512-tjlpia+yStPRS//6sdmlVwuO1Rioern4u2onafa5n+h2hCS9MAvMXqpVbSrjgiEOoCs0nJy7oPOmWgtRRNSM5Q==}
    engines: {node: '>= 10'}
    cpu: [arm64]
    os: [linux]

  '@next/swc-linux-arm64-musl@15.5.14':
    resolution: {integrity: sha512-8B8cngBaLadl5lbDRdxGCP1Lef8ipD6KlxS3v0ElDAGil6lafrAM3B258p1KJOglInCVFUjk751IXMr2ixeQOQ==}
    engines: {node: '>= 10'}
    cpu: [arm64]
    os: [linux]

  '@next/swc-linux-x64-gnu@15.5.14':
    resolution: {integrity: sha512-bAS6tIAg8u4Gn3Nz7fCPpSoKAexEt2d5vn1mzokcqdqyov6ZJ6gu6GdF9l8ORFrBuRHgv3go/RfzYz5BkZ6YSQ==}
    engines: {node: '>= 10'}
    cpu: [x64]
    os: [linux]

  '@next/swc-linux-x64-musl@15.5.14':
    resolution: {integrity: sha512-mMxv/FcrT7Gfaq4tsR22l17oKWXZmH/lVqcvjX0kfp5I0lKodHYLICKPoX1KRnnE+ci6oIUdriUhuA3rBCDiSw==}
    engines: {node: '>= 10'}
    cpu: [x64]
    os: [linux]

  '@next/swc-win32-arm64-msvc@15.5.14':
    resolution: {integrity: sha512-OTmiBlYThppnvnsqx0rBqjDRemlmIeZ8/o4zI7veaXoeO1PVHoyj2lfTfXTiiGjCyRDhA10y4h6ZvZvBiynr2g==}
    engines: {node: '>= 10'}
    cpu: [arm64]
    os: [win32]

  '@next/swc-win32-x64-msvc@15.5.14':
    resolution: {integrity: sha512-+W7eFf3RS7m4G6tppVTOSyP9Y6FsJXfOuKzav1qKniiFm3KFByQfPEcouHdjlZmysl4zJGuGLQ/M9XyVeyeNEg==}
    engines: {node: '>= 10'}
    cpu: [x64]
    os: [win32]

  '@noble/ciphers@2.1.1':
    resolution: {integrity: sha512-bysYuiVfhxNJuldNXlFEitTVdNnYUc+XNJZd7Qm2a5j1vZHgY+fazadNFWFaMK/2vye0JVlxV3gHmC0WDfAOQw==}
    engines: {node: '>= 20.19.0'}

  '@noble/hashes@2.0.1':
    resolution: {integrity: sha512-XlOlEbQcE9fmuXxrVTXCTlG2nlRXa9Rj3rr5Ue/+tX+nmkgbX720YHh0VR3hBF9xDvwnb8D2shVGOwNx+ulArw==}
    engines: {node: '>= 20.19.0'}

  '@opentelemetry/api@1.9.0':
    resolution: {integrity: sha512-3giAOQvZiH5F9bMlMiv8+GSPMeqg0dbaeo58/0SlA9sxSqZhnUtxzX9/2FzyhS9sWQf5S0GJE0AKBrFqjpeYcg==}
    engines: {node: '>=8.0.0'}

  '@opentelemetry/semantic-conventions@1.40.0':
    resolution: {integrity: sha512-cifvXDhcqMwwTlTK04GBNeIe7yyo28Mfby85QXFe1Yk8nmi36Ab/5UQwptOx84SsoGNRg+EVSjwzfSZMy6pmlw==}
    engines: {node: '>=14'}

  '@standard-schema/spec@1.1.0':
    resolution: {integrity: sha512-l2aFy5jALhniG5HgqrD6jXLi/rUWrKvqN/qJx6yoJsgKhblVd+iqqU4RCXavm/jPityDo5TCvKMnpjKnOriy0w==}

  '@swc/helpers@0.5.15':
    resolution: {integrity: sha512-JQ5TuMi45Owi4/BIMAJBoSQoOJu12oOk/gADqlcUL9JEdHB8vyjUSsxqeNXnmXHjYKMi2WcYtezGEEhqUI/E2g==}

  '@types/node@22.19.15':
    resolution: {integrity: sha512-F0R/h2+dsy5wJAUe3tAU6oqa2qbWY5TpNfL/RGmo1y38hiyO1w3x2jPtt76wmuaJI4DQnOBu21cNXQ2STIUUWg==}

  '@types/react-dom@19.2.3':
    resolution: {integrity: sha512-jp2L/eY6fn+KgVVQAOqYItbF0VY/YApe5Mz2F0aykSO8gx31bYCZyvSeYxCHKvzHG5eZjc+zyaS5BrBWya2+kQ==}
    peerDependencies:
      '@types/react': ^19.2.0

  '@types/react@19.2.14':
    resolution: {integrity: sha512-ilcTH/UniCkMdtexkoCN0bI7pMcJDvmQFPvuPvmEaYA/NSfFTAgdUSLAoVjaRJm7+6PvcM+q1zYOwS4wTYMF9w==}

  '@types/ws@8.18.1':
    resolution: {integrity: sha512-ThVF6DCVhA8kUGy+aazFQ4kXQ7E1Ty7A3ypFOe0IcJV8O/M511G99AW24irKrW56Wt44yG9+ij8FaqoBGkuBXg==}

  better-auth@1.5.6:
    resolution: {integrity: sha512-QSpJTqaT1XVfWRQe/fm3PgeuwOIlz1nWX/Dx7nsHStJ382bLzmDbQk2u7IT0IJ6wS5SRxfqEE1Ev9TXontgyAQ==}
    peerDependencies:
      '@lynx-js/react': '*'
      '@prisma/client': ^5.0.0 || ^6.0.0 || ^7.0.0
      '@sveltejs/kit': ^2.0.0
      '@tanstack/react-start': ^1.0.0
      '@tanstack/solid-start': ^1.0.0
      better-sqlite3: ^12.0.0
      drizzle-kit: '>=0.31.4'
      drizzle-orm: '>=0.41.0'
      mongodb: ^6.0.0 || ^7.0.0
      mysql2: ^3.0.0
      next: ^14.0.0 || ^15.0.0 || ^16.0.0
      pg: ^8.0.0
      prisma: ^5.0.0 || ^6.0.0 || ^7.0.0
      react: ^18.0.0 || ^19.0.0
      react-dom: ^18.0.0 || ^19.0.0
      solid-js: ^1.0.0
      svelte: ^4.0.0 || ^5.0.0
      vitest: ^2.0.0 || ^3.0.0 || ^4.0.0
      vue: ^3.0.0
    peerDependenciesMeta:
      '@lynx-js/react':
        optional: true
      '@prisma/client':
        optional: true
      '@sveltejs/kit':
        optional: true
      '@tanstack/react-start':
        optional: true
      '@tanstack/solid-start':
        optional: true
      better-sqlite3:
        optional: true
      drizzle-kit:
        optional: true
      drizzle-orm:
        optional: true
      mongodb:
        optional: true
      mysql2:
        optional: true
      next:
        optional: true
      pg:
        optional: true
      prisma:
        optional: true
      react:
        optional: true
      react-dom:
        optional: true
      solid-js:
        optional: true
      svelte:
        optional: true
      vitest:
        optional: true
      vue:
        optional: true

  better-call@1.3.2:
    resolution: {integrity: sha512-4cZIfrerDsNTn3cm+MhLbUePN0gdwkhSXEuG7r/zuQ8c/H7iU0/jSK5TD3FW7U0MgKHce/8jGpPYNO4Ve+4NBw==}
    peerDependencies:
      zod: ^4.0.0
    peerDependenciesMeta:
      zod:
        optional: true

  caniuse-lite@1.0.30001781:
    resolution: {integrity: sha512-RdwNCyMsNBftLjW6w01z8bKEvT6e/5tpPVEgtn22TiLGlstHOVecsX2KHFkD5e/vRnIE4EGzpuIODb3mtswtkw==}

  client-only@0.0.1:
    resolution: {integrity: sha512-IV3Ou0jSMzZrd3pZ48nLkT9DA7Ag1pnPzaiQhpW7c3RbcqqzvzzVu+L8gfqMp/8IM2MQtSiqaCxrrcfu8I8rMA==}

  cross-fetch@4.1.0:
    resolution: {integrity: sha512-uKm5PU+MHTootlWEY+mZ4vvXoCn4fLQxT9dSc1sXVMSFkINTJVN8cAQROpwcKm8bJ/c7rgZVIBWzH5T78sNZZw==}

  csstype@3.2.3:
    resolution: {integrity: sha512-z1HGKcYy2xA8AGQfwrn0PAy+PB7X/GSj3UVJW9qKyn43xWa+gl5nXmU4qqLMRzWVLFC8KusUX8T/0kCiOYpAIQ==}

  data-uri-to-buffer@4.0.1:
    resolution: {integrity: sha512-0R9ikRb668HB7QDxT1vkpuUBtqc53YyAwMwGeUFKRojY/NWKvdZ+9UYtRfGmhqNbRkTSVpMbmyhXipFFv2cb/A==}
    engines: {node: '>= 12'}

  defu@6.1.4:
    resolution: {integrity: sha512-mEQCMmwJu317oSz8CwdIOdwf3xMif1ttiM8LTufzc3g6kR+9Pe236twL8j3IYT1F7GfRgGcW6MWxzZjLIkuHIg==}

  detect-libc@2.0.2:
    resolution: {integrity: sha512-UX6sGumvvqSaXgdKGUsgZWqcUyIXZ/vZTrlRT/iobiKhGL0zL4d3osHj3uqllWJK+i+sixDS/3COVEOFbupFyw==}
    engines: {node: '>=8'}

  detect-libc@2.1.2:
    resolution: {integrity: sha512-Btj2BOOO83o3WyH59e8MgXsxEQVcarkUOpEYrubB0urwnN10yQ364rsiByU11nZlqWYZm05i/of7io4mzihBtQ==}
    engines: {node: '>=8'}

  fetch-blob@3.2.0:
    resolution: {integrity: sha512-7yAQpD2UMJzLi1Dqv7qFYnPbaPx7ZfFK6PiIxQ4PfkGPyNyl2Ugx+a/umUonmKqjhM4DnfbMvdX6otXq83soQQ==}
    engines: {node: ^12.20 || >= 14.13}

  formdata-polyfill@4.0.10:
    resolution: {integrity: sha512-buewHzMvYL29jdeQTVILecSaZKnt/RJWjoZCF5OW60Z67/GmSLBkOFM7qh1PI3zFNtJbaZL5eQu1vLfazOwj4g==}
    engines: {node: '>=12.20.0'}

  jose@6.2.2:
    resolution: {integrity: sha512-d7kPDd34KO/YnzaDOlikGpOurfF0ByC2sEV4cANCtdqLlTfBlw2p14O/5d/zv40gJPbIQxfES3nSx1/oYNyuZQ==}

  js-base64@3.7.8:
    resolution: {integrity: sha512-hNngCeKxIUQiEUN3GPJOkz4wF/YvdUdbNL9hsBcMQTkKzboD7T/q3OYOuuPZLUE6dBxSGpwhk5mwuDud7JVAow==}

  kysely@0.28.14:
    resolution: {integrity: sha512-SU3lgh0rPvq7upc6vvdVrCsSMUG1h3ChvHVOY7wJ2fw4C9QEB7X3d5eyYEyULUX7UQtxZJtZXGuT6U2US72UYA==}
    engines: {node: '>=20.0.0'}

  libsql@0.5.28:
    resolution: {integrity: sha512-wKqx9FgtPcKHdPfR/Kfm0gejsnbuf8zV+ESPmltFvsq5uXwdeN9fsWn611DmqrdXj1e94NkARcMA2f1syiAqOg==}
    cpu: [x64, arm64, wasm32, arm]
    os: [darwin, linux, win32]

  nanoid@3.3.11:
    resolution: {integrity: sha512-N8SpfPUnUp1bK+PMYW8qSWdl9U+wwNWI4QKxOYDy9JAro3WMX7p2OeVRF9v+347pnakNevPmiHhNmZ2HbFA76w==}
    engines: {node: ^10 || ^12 || ^13.7 || ^14 || >=15.0.1}
    hasBin: true

  nanostores@1.2.0:
    resolution: {integrity: sha512-F0wCzbsH80G7XXo0Jd9/AVQC7ouWY6idUCTnMwW5t/Rv9W8qmO6endavDwg7TNp5GbugwSukFMVZqzPSrSMndg==}
    engines: {node: ^20.0.0 || >=22.0.0}

  next@15.5.14:
    resolution: {integrity: sha512-M6S+4JyRjmKic2Ssm7jHUPkE6YUJ6lv4507jprsSZLulubz0ihO2E+S4zmQK3JZ2ov81JrugukKU4Tz0ivgqqQ==}
    engines: {node: ^18.18.0 || ^19.8.0 || >= 20.0.0}
    hasBin: true
    peerDependencies:
      '@opentelemetry/api': ^1.1.0
      '@playwright/test': ^1.51.1
      babel-plugin-react-compiler: '*'
      react: ^18.2.0 || 19.0.0-rc-de68d2f4-20241204 || ^19.0.0
      react-dom: ^18.2.0 || 19.0.0-rc-de68d2f4-20241204 || ^19.0.0
      sass: ^1.3.0
    peerDependenciesMeta:
      '@opentelemetry/api':
        optional: true
      '@playwright/test':
        optional: true
      babel-plugin-react-compiler:
        optional: true
      sass:
        optional: true

  node-domexception@1.0.0:
    resolution: {integrity: sha512-/jKZoMpw0F8GRwl4/eLROPA3cfcXtLApP0QzLmUT/HuPCZWyB7IY9ZrMeKw2O/nFIqPQB3PVM9aYm0F312AXDQ==}
    engines: {node: '>=10.5.0'}
    deprecated: Use your platform's native DOMException instead

  node-fetch@2.7.0:
    resolution: {integrity: sha512-c4FRfUm/dbcWZ7U+1Wq0AwCyFL+3nt2bEw05wfxSz+DWpWsitgmSgYmy2dQdWyKC1694ELPqMs/YzUSNozLt8A==}
    engines: {node: 4.x || >=6.0.0}
    peerDependencies:
      encoding: ^0.1.0
    peerDependenciesMeta:
      encoding:
        optional: true

  node-fetch@3.3.2:
    resolution: {integrity: sha512-dRB78srN/l6gqWulah9SrxeYnxeddIG30+GOqK/9OlLVyLg3HPnr6SqOWTWOXKRwC2eGYCkZ59NNuSgvSrpgOA==}
    engines: {node: ^12.20.0 || ^14.13.1 || >=16.0.0}

  picocolors@1.1.1:
    resolution: {integrity: sha512-xceH2snhtb5M9liqDsmEw56le376mTZkEX/jEb/RxNFyegNul7eNslCXP9FDj/Lcu0X8KEyMceP2ntpaHrDEVA==}

  postcss@8.4.31:
    resolution: {integrity: sha512-PS08Iboia9mts/2ygV3eLpY5ghnUcfLV/EXTOW1E2qYxJKGGBUtNjN76FYHnMs36RmARn41bC0AZmn+rR0OVpQ==}
    engines: {node: ^10 || ^12 || >=14}

  promise-limit@2.7.0:
    resolution: {integrity: sha512-7nJ6v5lnJsXwGprnGXga4wx6d1POjvi5Qmf1ivTRxTjH4Z/9Czja/UCMLVmB9N93GeWOU93XaFaEt6jbuoagNw==}

  react-dom@19.2.4:
    resolution: {integrity: sha512-AXJdLo8kgMbimY95O2aKQqsz2iWi9jMgKJhRBAxECE4IFxfcazB2LmzloIoibJI3C12IlY20+KFaLv+71bUJeQ==}
    peerDependencies:
      react: ^19.2.4

  react@19.2.4:
    resolution: {integrity: sha512-9nfp2hYpCwOjAN+8TZFGhtWEwgvWHXqESH8qT89AT/lWklpLON22Lc8pEtnpsZz7VmawabSU0gCjnj8aC0euHQ==}
    engines: {node: '>=0.10.0'}

  rou3@0.7.12:
    resolution: {integrity: sha512-iFE4hLDuloSWcD7mjdCDhx2bKcIsYbtOTpfH5MHHLSKMOUyjqQXTeZVa289uuwEGEKFoE/BAPbhaU4B774nceg==}

  scheduler@0.27.0:
    resolution: {integrity: sha512-eNv+WrVbKu1f3vbYJT/xtiF5syA5HPIMtf9IgY/nKg0sWqzAUEvqY/xm7OcZc/qafLx/iO9FgOmeSAp4v5ti/Q==}

  semver@7.7.4:
    resolution: {integrity: sha512-vFKC2IEtQnVhpT78h1Yp8wzwrf8CM+MzKMHGJZfBtzhZNycRFnXsHk6E5TxIkkMsgNS7mdX3AGB7x2QM2di4lA==}
    engines: {node: '>=10'}
    hasBin: true

  set-cookie-parser@3.1.0:
    resolution: {integrity: sha512-kjnC1DXBHcxaOaOXBHBeRtltsDG2nUiUni+jP92M9gYdW12rsmx92UsfpH7o5tDRs7I1ZZPSQJQGv3UaRfCiuw==}

  sharp@0.34.5:
    resolution: {integrity: sha512-Ou9I5Ft9WNcCbXrU9cMgPBcCK8LiwLqcbywW3t4oDV37n1pzpuNLsYiAV8eODnjbtQlSDwZ2cUEeQz4E54Hltg==}
    engines: {node: ^18.17.0 || ^20.3.0 || >=21.0.0}

  source-map-js@1.2.1:
    resolution: {integrity: sha512-UXWMKhLOwVKb728IUtQPXxfYU+usdybtUrK/8uGE8CQMvrhOpwvzDBwj0QhSL7MQc7vIsISBG8VQ8+IDQxpfQA==}
    engines: {node: '>=0.10.0'}

  styled-jsx@5.1.6:
    resolution: {integrity: sha512-qSVyDTeMotdvQYoHWLNGwRFJHC+i+ZvdBRYosOFgC+Wg1vx4frN2/RG/NA7SYqqvKNLf39P2LSRA2pu6n0XYZA==}
    engines: {node: '>= 12.0.0'}
    peerDependencies:
      '@babel/core': '*'
      babel-plugin-macros: '*'
      react: '>= 16.8.0 || 17.x.x || ^18.0.0-0 || ^19.0.0-0'
    peerDependenciesMeta:
      '@babel/core':
        optional: true
      babel-plugin-macros:
        optional: true

  tr46@0.0.3:
    resolution: {integrity: sha512-N3WMsuqV66lT30CrXNbEjx4GEwlow3v6rr4mCcv6prnfwhS01rkgyFdjPNBYd9br7LpXV1+Emh01fHnq2Gdgrw==}

  tslib@2.8.1:
    resolution: {integrity: sha512-oJFu94HQb+KVduSUQL7wnpmqnfmLsOA/nAh6b6EH0wCEoK0/mPeXU6c3wKDV83MkOuHPRHtSXKKU99IBazS/2w==}

  typescript@5.9.3:
    resolution: {integrity: sha512-jl1vZzPDinLr9eUt3J/t7V6FgNEw9QjvBPdysz9KfQDD41fQrC2Y4vKQdiaUpFT4bXlb1RHhLpp8wtm6M5TgSw==}
    engines: {node: '>=14.17'}
    hasBin: true

  undici-types@6.21.0:
    resolution: {integrity: sha512-iwDZqg0QAGrg9Rav5H4n0M64c3mkR59cJ6wQp+7C4nI0gsmExaedaYLNO44eT4AtBBwjbTiGPMlt2Md0T9H9JQ==}

  web-streams-polyfill@3.3.3:
    resolution: {integrity: sha512-d2JWLCivmZYTSIoge9MsgFCZrt571BikcWGYkjC1khllbTeDlGqZ2D8vD8E/lJa8WGWbb7Plm8/XJYV7IJHZZw==}
    engines: {node: '>= 8'}

  webidl-conversions@3.0.1:
    resolution: {integrity: sha512-2JAn3z8AR6rjK8Sm8orRC0h/bcl/DqL7tRPdGZ4I1CjdF+EaMLmYxBHyXuKL849eucPFhvBoxMsflfOb8kxaeQ==}

  whatwg-url@5.0.0:
    resolution: {integrity: sha512-saE57nupxk6v3HY35+jzBwYa0rKSy0XR8JSxZPwgLr7ys0IBzhGviA1/TUGJLmSVqs8pb9AnvICXEuOHLprYTw==}

  ws@8.20.0:
    resolution: {integrity: sha512-sAt8BhgNbzCtgGbt2OxmpuryO63ZoDk/sqaB/znQm94T4fCEsy/yV+7CdC1kJhOU9lboAEU7R3kquuycDoibVA==}
    engines: {node: '>=10.0.0'}
    peerDependencies:
      bufferutil: ^4.0.1
      utf-8-validate: '>=5.0.2'
    peerDependenciesMeta:
      bufferutil:
        optional: true
      utf-8-validate:
        optional: true

  zod@4.3.6:
    resolution: {integrity: sha512-rftlrkhHZOcjDwkGlnUtZZkvaPHCsDATp4pGpuOOMDaTdDDXF91wuVDJoWoPsKX/3YPQ5fHuF3STjcYyKr+Qhg==}

snapshots:

  '@better-auth/core@1.5.6(@better-auth/utils@0.3.1)(@better-fetch/fetch@1.1.21)(@opentelemetry/api@1.9.0)(better-call@1.3.2(zod@4.3.6))(jose@6.2.2)(kysely@0.28.14)(nanostores@1.2.0)':
    dependencies:
      '@better-auth/utils': 0.3.1
      '@better-fetch/fetch': 1.1.21
      '@opentelemetry/api': 1.9.0
      '@opentelemetry/semantic-conventions': 1.40.0
      '@standard-schema/spec': 1.1.0
      better-call: 1.3.2(zod@4.3.6)
      jose: 6.2.2
      kysely: 0.28.14
      nanostores: 1.2.0
      zod: 4.3.6

  '@better-auth/drizzle-adapter@1.5.6(@better-auth/core@1.5.6(@better-auth/utils@0.3.1)(@better-fetch/fetch@1.1.21)(@opentelemetry/api@1.9.0)(better-call@1.3.2(zod@4.3.6))(jose@6.2.2)(kysely@0.28.14)(nanostores@1.2.0))(@better-auth/utils@0.3.1)':
    dependencies:
      '@better-auth/core': 1.5.6(@better-auth/utils@0.3.1)(@better-fetch/fetch@1.1.21)(@opentelemetry/api@1.9.0)(better-call@1.3.2(zod@4.3.6))(jose@6.2.2)(kysely@0.28.14)(nanostores@1.2.0)
      '@better-auth/utils': 0.3.1

  '@better-auth/kysely-adapter@1.5.6(@better-auth/core@1.5.6(@better-auth/utils@0.3.1)(@better-fetch/fetch@1.1.21)(@opentelemetry/api@1.9.0)(better-call@1.3.2(zod@4.3.6))(jose@6.2.2)(kysely@0.28.14)(nanostores@1.2.0))(@better-auth/utils@0.3.1)(kysely@0.28.14)':
    dependencies:
      '@better-auth/core': 1.5.6(@better-auth/utils@0.3.1)(@better-fetch/fetch@1.1.21)(@opentelemetry/api@1.9.0)(better-call@1.3.2(zod@4.3.6))(jose@6.2.2)(kysely@0.28.14)(nanostores@1.2.0)
      '@better-auth/utils': 0.3.1
    optionalDependencies:
      kysely: 0.28.14

  '@better-auth/memory-adapter@1.5.6(@better-auth/core@1.5.6(@better-auth/utils@0.3.1)(@better-fetch/fetch@1.1.21)(@opentelemetry/api@1.9.0)(better-call@1.3.2(zod@4.3.6))(jose@6.2.2)(kysely@0.28.14)(nanostores@1.2.0))(@better-auth/utils@0.3.1)':
    dependencies:
      '@better-auth/core': 1.5.6(@better-auth/utils@0.3.1)(@better-fetch/fetch@1.1.21)(@opentelemetry/api@1.9.0)(better-call@1.3.2(zod@4.3.6))(jose@6.2.2)(kysely@0.28.14)(nanostores@1.2.0)
      '@better-auth/utils': 0.3.1

  '@better-auth/mongo-adapter@1.5.6(@better-auth/core@1.5.6(@better-auth/utils@0.3.1)(@better-fetch/fetch@1.1.21)(@opentelemetry/api@1.9.0)(better-call@1.3.2(zod@4.3.6))(jose@6.2.2)(kysely@0.28.14)(nanostores@1.2.0))(@better-auth/utils@0.3.1)':
    dependencies:
      '@better-auth/core': 1.5.6(@better-auth/utils@0.3.1)(@better-fetch/fetch@1.1.21)(@opentelemetry/api@1.9.0)(better-call@1.3.2(zod@4.3.6))(jose@6.2.2)(kysely@0.28.14)(nanostores@1.2.0)
      '@better-auth/utils': 0.3.1

  '@better-auth/prisma-adapter@1.5.6(@better-auth/core@1.5.6(@better-auth/utils@0.3.1)(@better-fetch/fetch@1.1.21)(@opentelemetry/api@1.9.0)(better-call@1.3.2(zod@4.3.6))(jose@6.2.2)(kysely@0.28.14)(nanostores@1.2.0))(@better-auth/utils@0.3.1)':
    dependencies:
      '@better-auth/core': 1.5.6(@better-auth/utils@0.3.1)(@better-fetch/fetch@1.1.21)(@opentelemetry/api@1.9.0)(better-call@1.3.2(zod@4.3.6))(jose@6.2.2)(kysely@0.28.14)(nanostores@1.2.0)
      '@better-auth/utils': 0.3.1

  '@better-auth/telemetry@1.5.6(@better-auth/core@1.5.6(@better-auth/utils@0.3.1)(@better-fetch/fetch@1.1.21)(@opentelemetry/api@1.9.0)(better-call@1.3.2(zod@4.3.6))(jose@6.2.2)(kysely@0.28.14)(nanostores@1.2.0))':
    dependencies:
      '@better-auth/core': 1.5.6(@better-auth/utils@0.3.1)(@better-fetch/fetch@1.1.21)(@opentelemetry/api@1.9.0)(better-call@1.3.2(zod@4.3.6))(jose@6.2.2)(kysely@0.28.14)(nanostores@1.2.0)
      '@better-auth/utils': 0.3.1
      '@better-fetch/fetch': 1.1.21

  '@better-auth/utils@0.3.1': {}

  '@better-fetch/fetch@1.1.21': {}

  '@biomejs/biome@1.9.4':
    optionalDependencies:
      '@biomejs/cli-darwin-arm64': 1.9.4
      '@biomejs/cli-darwin-x64': 1.9.4
      '@biomejs/cli-linux-arm64': 1.9.4
      '@biomejs/cli-linux-arm64-musl': 1.9.4
      '@biomejs/cli-linux-x64': 1.9.4
      '@biomejs/cli-linux-x64-musl': 1.9.4
      '@biomejs/cli-win32-arm64': 1.9.4
      '@biomejs/cli-win32-x64': 1.9.4

  '@biomejs/cli-darwin-arm64@1.9.4':
    optional: true

  '@biomejs/cli-darwin-x64@1.9.4':
    optional: true

  '@biomejs/cli-linux-arm64-musl@1.9.4':
    optional: true

  '@biomejs/cli-linux-arm64@1.9.4':
    optional: true

  '@biomejs/cli-linux-x64-musl@1.9.4':
    optional: true

  '@biomejs/cli-linux-x64@1.9.4':
    optional: true

  '@biomejs/cli-win32-arm64@1.9.4':
    optional: true

  '@biomejs/cli-win32-x64@1.9.4':
    optional: true

  '@emnapi/runtime@1.9.1':
    dependencies:
      tslib: 2.8.1
    optional: true

  '@img/colour@1.1.0':
    optional: true

  '@img/sharp-darwin-arm64@0.34.5':
    optionalDependencies:
      '@img/sharp-libvips-darwin-arm64': 1.2.4
    optional: true

  '@img/sharp-darwin-x64@0.34.5':
    optionalDependencies:
      '@img/sharp-libvips-darwin-x64': 1.2.4
    optional: true

  '@img/sharp-libvips-darwin-arm64@1.2.4':
    optional: true

  '@img/sharp-libvips-darwin-x64@1.2.4':
    optional: true

  '@img/sharp-libvips-linux-arm64@1.2.4':
    optional: true

  '@img/sharp-libvips-linux-arm@1.2.4':
    optional: true

  '@img/sharp-libvips-linux-ppc64@1.2.4':
    optional: true

  '@img/sharp-libvips-linux-riscv64@1.2.4':
    optional: true

  '@img/sharp-libvips-linux-s390x@1.2.4':
    optional: true

  '@img/sharp-libvips-linux-x64@1.2.4':
    optional: true

  '@img/sharp-libvips-linuxmusl-arm64@1.2.4':
    optional: true

  '@img/sharp-libvips-linuxmusl-x64@1.2.4':
    optional: true

  '@img/sharp-linux-arm64@0.34.5':
    optionalDependencies:
      '@img/sharp-libvips-linux-arm64': 1.2.4
    optional: true

  '@img/sharp-linux-arm@0.34.5':
    optionalDependencies:
      '@img/sharp-libvips-linux-arm': 1.2.4
    optional: true

  '@img/sharp-linux-ppc64@0.34.5':
    optionalDependencies:
      '@img/sharp-libvips-linux-ppc64': 1.2.4
    optional: true

  '@img/sharp-linux-riscv64@0.34.5':
    optionalDependencies:
      '@img/sharp-libvips-linux-riscv64': 1.2.4
    optional: true

  '@img/sharp-linux-s390x@0.34.5':
    optionalDependencies:
      '@img/sharp-libvips-linux-s390x': 1.2.4
    optional: true

  '@img/sharp-linux-x64@0.34.5':
    optionalDependencies:
      '@img/sharp-libvips-linux-x64': 1.2.4
    optional: true

  '@img/sharp-linuxmusl-arm64@0.34.5':
    optionalDependencies:
      '@img/sharp-libvips-linuxmusl-arm64': 1.2.4
    optional: true

  '@img/sharp-linuxmusl-x64@0.34.5':
    optionalDependencies:
      '@img/sharp-libvips-linuxmusl-x64': 1.2.4
    optional: true

  '@img/sharp-wasm32@0.34.5':
    dependencies:
      '@emnapi/runtime': 1.9.1
    optional: true

  '@img/sharp-win32-arm64@0.34.5':
    optional: true

  '@img/sharp-win32-ia32@0.34.5':
    optional: true

  '@img/sharp-win32-x64@0.34.5':
    optional: true

  '@libsql/client@0.17.2':
    dependencies:
      '@libsql/core': 0.17.2
      '@libsql/hrana-client': 0.9.0
      js-base64: 3.7.8
      libsql: 0.5.28
      promise-limit: 2.7.0
    transitivePeerDependencies:
      - bufferutil
      - encoding
      - utf-8-validate

  '@libsql/core@0.17.2':
    dependencies:
      js-base64: 3.7.8

  '@libsql/darwin-arm64@0.5.28':
    optional: true

  '@libsql/darwin-x64@0.5.28':
    optional: true

  '@libsql/hrana-client@0.9.0':
    dependencies:
      '@libsql/isomorphic-ws': 0.1.5
      cross-fetch: 4.1.0
      js-base64: 3.7.8
      node-fetch: 3.3.2
    transitivePeerDependencies:
      - bufferutil
      - encoding
      - utf-8-validate

  '@libsql/isomorphic-ws@0.1.5':
    dependencies:
      '@types/ws': 8.18.1
      ws: 8.20.0
    transitivePeerDependencies:
      - bufferutil
      - utf-8-validate

  '@libsql/linux-arm-gnueabihf@0.5.28':
    optional: true

  '@libsql/linux-arm-musleabihf@0.5.28':
    optional: true

  '@libsql/linux-arm64-gnu@0.5.28':
    optional: true

  '@libsql/linux-arm64-musl@0.5.28':
    optional: true

  '@libsql/linux-x64-gnu@0.5.28':
    optional: true

  '@libsql/linux-x64-musl@0.5.28':
    optional: true

  '@libsql/win32-x64-msvc@0.5.28':
    optional: true

  '@neon-rs/load@0.0.4': {}

  '@next/env@15.5.14': {}

  '@next/swc-darwin-arm64@15.5.14':
    optional: true

  '@next/swc-darwin-x64@15.5.14':
    optional: true

  '@next/swc-linux-arm64-gnu@15.5.14':
    optional: true

  '@next/swc-linux-arm64-musl@15.5.14':
    optional: true

  '@next/swc-linux-x64-gnu@15.5.14':
    optional: true

  '@next/swc-linux-x64-musl@15.5.14':
    optional: true

  '@next/swc-win32-arm64-msvc@15.5.14':
    optional: true

  '@next/swc-win32-x64-msvc@15.5.14':
    optional: true

  '@noble/ciphers@2.1.1': {}

  '@noble/hashes@2.0.1': {}

  '@opentelemetry/api@1.9.0': {}

  '@opentelemetry/semantic-conventions@1.40.0': {}

  '@standard-schema/spec@1.1.0': {}

  '@swc/helpers@0.5.15':
    dependencies:
      tslib: 2.8.1

  '@types/node@22.19.15':
    dependencies:
      undici-types: 6.21.0

  '@types/react-dom@19.2.3(@types/react@19.2.14)':
    dependencies:
      '@types/react': 19.2.14

  '@types/react@19.2.14':
    dependencies:
      csstype: 3.2.3

  '@types/ws@8.18.1':
    dependencies:
      '@types/node': 22.19.15

  better-auth@1.5.6(@opentelemetry/api@1.9.0)(next@15.5.14(@opentelemetry/api@1.9.0)(react-dom@19.2.4(react@19.2.4))(react@19.2.4))(react-dom@19.2.4(react@19.2.4))(react@19.2.4):
    dependencies:
      '@better-auth/core': 1.5.6(@better-auth/utils@0.3.1)(@better-fetch/fetch@1.1.21)(@opentelemetry/api@1.9.0)(better-call@1.3.2(zod@4.3.6))(jose@6.2.2)(kysely@0.28.14)(nanostores@1.2.0)
      '@better-auth/drizzle-adapter': 1.5.6(@better-auth/core@1.5.6(@better-auth/utils@0.3.1)(@better-fetch/fetch@1.1.21)(@opentelemetry/api@1.9.0)(better-call@1.3.2(zod@4.3.6))(jose@6.2.2)(kysely@0.28.14)(nanostores@1.2.0))(@better-auth/utils@0.3.1)
      '@better-auth/kysely-adapter': 1.5.6(@better-auth/core@1.5.6(@better-auth/utils@0.3.1)(@better-fetch/fetch@1.1.21)(@opentelemetry/api@1.9.0)(better-call@1.3.2(zod@4.3.6))(jose@6.2.2)(kysely@0.28.14)(nanostores@1.2.0))(@better-auth/utils@0.3.1)(kysely@0.28.14)
      '@better-auth/memory-adapter': 1.5.6(@better-auth/core@1.5.6(@better-auth/utils@0.3.1)(@better-fetch/fetch@1.1.21)(@opentelemetry/api@1.9.0)(better-call@1.3.2(zod@4.3.6))(jose@6.2.2)(kysely@0.28.14)(nanostores@1.2.0))(@better-auth/utils@0.3.1)
      '@better-auth/mongo-adapter': 1.5.6(@better-auth/core@1.5.6(@better-auth/utils@0.3.1)(@better-fetch/fetch@1.1.21)(@opentelemetry/api@1.9.0)(better-call@1.3.2(zod@4.3.6))(jose@6.2.2)(kysely@0.28.14)(nanostores@1.2.0))(@better-auth/utils@0.3.1)
      '@better-auth/prisma-adapter': 1.5.6(@better-auth/core@1.5.6(@better-auth/utils@0.3.1)(@better-fetch/fetch@1.1.21)(@opentelemetry/api@1.9.0)(better-call@1.3.2(zod@4.3.6))(jose@6.2.2)(kysely@0.28.14)(nanostores@1.2.0))(@better-auth/utils@0.3.1)
      '@better-auth/telemetry': 1.5.6(@better-auth/core@1.5.6(@better-auth/utils@0.3.1)(@better-fetch/fetch@1.1.21)(@opentelemetry/api@1.9.0)(better-call@1.3.2(zod@4.3.6))(jose@6.2.2)(kysely@0.28.14)(nanostores@1.2.0))
      '@better-auth/utils': 0.3.1
      '@better-fetch/fetch': 1.1.21
      '@noble/ciphers': 2.1.1
      '@noble/hashes': 2.0.1
      better-call: 1.3.2(zod@4.3.6)
      defu: 6.1.4
      jose: 6.2.2
      kysely: 0.28.14
      nanostores: 1.2.0
      zod: 4.3.6
    optionalDependencies:
      next: 15.5.14(@opentelemetry/api@1.9.0)(react-dom@19.2.4(react@19.2.4))(react@19.2.4)
      react: 19.2.4
      react-dom: 19.2.4(react@19.2.4)
    transitivePeerDependencies:
      - '@cloudflare/workers-types'
      - '@opentelemetry/api'

  better-call@1.3.2(zod@4.3.6):
    dependencies:
      '@better-auth/utils': 0.3.1
      '@better-fetch/fetch': 1.1.21
      rou3: 0.7.12
      set-cookie-parser: 3.1.0
    optionalDependencies:
      zod: 4.3.6

  caniuse-lite@1.0.30001781: {}

  client-only@0.0.1: {}

  cross-fetch@4.1.0:
    dependencies:
      node-fetch: 2.7.0
    transitivePeerDependencies:
      - encoding

  csstype@3.2.3: {}

  data-uri-to-buffer@4.0.1: {}

  defu@6.1.4: {}

  detect-libc@2.0.2: {}

  detect-libc@2.1.2:
    optional: true

  fetch-blob@3.2.0:
    dependencies:
      node-domexception: 1.0.0
      web-streams-polyfill: 3.3.3

  formdata-polyfill@4.0.10:
    dependencies:
      fetch-blob: 3.2.0

  jose@6.2.2: {}

  js-base64@3.7.8: {}

  kysely@0.28.14: {}

  libsql@0.5.28:
    dependencies:
      '@neon-rs/load': 0.0.4
      detect-libc: 2.0.2
    optionalDependencies:
      '@libsql/darwin-arm64': 0.5.28
      '@libsql/darwin-x64': 0.5.28
      '@libsql/linux-arm-gnueabihf': 0.5.28
      '@libsql/linux-arm-musleabihf': 0.5.28
      '@libsql/linux-arm64-gnu': 0.5.28
      '@libsql/linux-arm64-musl': 0.5.28
      '@libsql/linux-x64-gnu': 0.5.28
      '@libsql/linux-x64-musl': 0.5.28
      '@libsql/win32-x64-msvc': 0.5.28

  nanoid@3.3.11: {}

  nanostores@1.2.0: {}

  next@15.5.14(@opentelemetry/api@1.9.0)(react-dom@19.2.4(react@19.2.4))(react@19.2.4):
    dependencies:
      '@next/env': 15.5.14
      '@swc/helpers': 0.5.15
      caniuse-lite: 1.0.30001781
      postcss: 8.4.31
      react: 19.2.4
      react-dom: 19.2.4(react@19.2.4)
      styled-jsx: 5.1.6(react@19.2.4)
    optionalDependencies:
      '@next/swc-darwin-arm64': 15.5.14
      '@next/swc-darwin-x64': 15.5.14
      '@next/swc-linux-arm64-gnu': 15.5.14
      '@next/swc-linux-arm64-musl': 15.5.14
      '@next/swc-linux-x64-gnu': 15.5.14
      '@next/swc-linux-x64-musl': 15.5.14
      '@next/swc-win32-arm64-msvc': 15.5.14
      '@next/swc-win32-x64-msvc': 15.5.14
      '@opentelemetry/api': 1.9.0
      sharp: 0.34.5
    transitivePeerDependencies:
      - '@babel/core'
      - babel-plugin-macros

  node-domexception@1.0.0: {}

  node-fetch@2.7.0:
    dependencies:
      whatwg-url: 5.0.0

  node-fetch@3.3.2:
    dependencies:
      data-uri-to-buffer: 4.0.1
      fetch-blob: 3.2.0
      formdata-polyfill: 4.0.10

  picocolors@1.1.1: {}

  postcss@8.4.31:
    dependencies:
      nanoid: 3.3.11
      picocolors: 1.1.1
      source-map-js: 1.2.1

  promise-limit@2.7.0: {}

  react-dom@19.2.4(react@19.2.4):
    dependencies:
      react: 19.2.4
      scheduler: 0.27.0

  react@19.2.4: {}

  rou3@0.7.12: {}

  scheduler@0.27.0: {}

  semver@7.7.4:
    optional: true

  set-cookie-parser@3.1.0: {}

  sharp@0.34.5:
    dependencies:
      '@img/colour': 1.1.0
      detect-libc: 2.1.2
      semver: 7.7.4
    optionalDependencies:
      '@img/sharp-darwin-arm64': 0.34.5
      '@img/sharp-darwin-x64': 0.34.5
      '@img/sharp-libvips-darwin-arm64': 1.2.4
      '@img/sharp-libvips-darwin-x64': 1.2.4
      '@img/sharp-libvips-linux-arm': 1.2.4
      '@img/sharp-libvips-linux-arm64': 1.2.4
      '@img/sharp-libvips-linux-ppc64': 1.2.4
      '@img/sharp-libvips-linux-riscv64': 1.2.4
      '@img/sharp-libvips-linux-s390x': 1.2.4
      '@img/sharp-libvips-linux-x64': 1.2.4
      '@img/sharp-libvips-linuxmusl-arm64': 1.2.4
      '@img/sharp-libvips-linuxmusl-x64': 1.2.4
      '@img/sharp-linux-arm': 0.34.5
      '@img/sharp-linux-arm64': 0.34.5
      '@img/sharp-linux-ppc64': 0.34.5
      '@img/sharp-linux-riscv64': 0.34.5
      '@img/sharp-linux-s390x': 0.34.5
      '@img/sharp-linux-x64': 0.34.5
      '@img/sharp-linuxmusl-arm64': 0.34.5
      '@img/sharp-linuxmusl-x64': 0.34.5
      '@img/sharp-wasm32': 0.34.5
      '@img/sharp-win32-arm64': 0.34.5
      '@img/sharp-win32-ia32': 0.34.5
      '@img/sharp-win32-x64': 0.34.5
    optional: true

  source-map-js@1.2.1: {}

  styled-jsx@5.1.6(react@19.2.4):
    dependencies:
      client-only: 0.0.1
      react: 19.2.4

  tr46@0.0.3: {}

  tslib@2.8.1: {}

  typescript@5.9.3: {}

  undici-types@6.21.0: {}

  web-streams-polyfill@3.3.3: {}

  webidl-conversions@3.0.1: {}

  whatwg-url@5.0.0:
    dependencies:
      tr46: 0.0.3
      webidl-conversions: 3.0.1

  ws@8.20.0: {}

  zod@4.3.6: {}
